Microsoft Visual Studio Solution File, Format Version 12.00
# Visual Studio Version 17
VisualStudioVersion = 17.0.31903.59
MinimumVisualStudioVersion = 10.0.40219.1
Project("{2150E333-8FDC-42A3-9474-1A3956D46DE8}") = "Pattern", "Pattern", "{28D89845-07FC-4358-88D9-1177F68199AD}"
	ProjectSection(SolutionItems) = preProject
	EndProjectSection
EndProject
Project("{FAE04EC0-301F-11D3-BF4B-00C04F79EFBC}") = "Adapter", "Pattern\Adapter\Adapter.csproj", "{F406B5CB-4233-4443-9053-27DCCD4D0627}"
	ProjectSection(SolutionFolder) = preProject
		ParentFolder = {28D89845-07FC-4358-88D9-1177F68199AD}
	EndProjectSection
EndProject
Project("{FAE04EC0-301F-11D3-BF4B-00C04F79EFBC}") = "Bridge", "Pattern\Bridge\Bridge.csproj", "{A4E488AE-6C04-4073-A101-BAD599E4E261}"
	ProjectSection(SolutionFolder) = preProject
		ParentFolder = {28D89845-07FC-4358-88D9-1177F68199AD}
	EndProjectSection
EndProject
Project("{FAE04EC0-301F-11D3-BF4B-00C04F79EFBC}") = "Builder", "Pattern\Builder\Builder.csproj", "{587CF8A0-CEE2-4CDB-A891-E19559762BFE}"
	ProjectSection(SolutionFolder) = preProject
		ParentFolder = {28D89845-07FC-4358-88D9-1177F68199AD}
	EndProjectSection
EndProject
Project("{FAE04EC0-301F-11D3-BF4B-00C04F79EFBC}") = "ChainOfResponsibility", "Pattern\ChainOfResponsibility\ChainOfResponsibility.csproj", "{87C0034A-BA54-4455-B2F4-0501267781B3}"
	ProjectSection(SolutionFolder) = preProject
		ParentFolder = {28D89845-07FC-4358-88D9-1177F68199AD}
	EndProjectSection
EndProject
Project("{FAE04EC0-301F-11D3-BF4B-00C04F79EFBC}") = "Command", "Pattern\Command\Command.csproj", "{4404F952-E7BE-4561-A4A3-D741E59FAE22}"
	ProjectSection(SolutionFolder) = preProject
		ParentFolder = {28D89845-07FC-4358-88D9-1177F68199AD}
	EndProjectSection
EndProject
Project("{FAE04EC0-301F-11D3-BF4B-00C04F79EFBC}") = "Composite", "Pattern\Composite\Composite.csproj", "{2C98C4BD-B6E7-4C64-B232-608228881589}"
	ProjectSection(SolutionFolder) = preProject
		ParentFolder = {28D89845-07FC-4358-88D9-1177F68199AD}
	EndProjectSection
EndProject
Project("{FAE04EC0-301F-11D3-BF4B-00C04F79EFBC}") = "Decorator", "Pattern\Decorator\Decorator.csproj", "{85DE37EE-A6F6-48F5-AF40-ECD45F7BB7B7}"
	ProjectSection(SolutionFolder) = preProject
		ParentFolder = {28D89845-07FC-4358-88D9-1177F68199AD}
	EndProjectSection
EndProject
Project("{FAE04EC0-301F-11D3-BF4B-00C04F79EFBC}") = "Facade", "Pattern\Facade\Facade.csproj", "{4F722857-8D16-4168-B3E8-96A00504AB0D}"
	ProjectSection(SolutionFolder) = preProject
		ParentFolder = {28D89845-07FC-4358-88D9-1177F68199AD}
	EndProjectSection
EndProject
Project("{FAE04EC0-301F-11D3-BF4B-00C04F79EFBC}") = "Factory", "Pattern\Factory\Factory.csproj", "{120C1FBD-B920-483D-827B-5FA16D414B49}"
	ProjectSection(SolutionFolder) = preProject
		ParentFolder = {28D89845-07FC-4358-88D9-1177F68199AD}
	EndProjectSection
EndProject
Project("{FAE04EC0-301F-11D3-BF4B-00C04F79EFBC}") = "Flyweight", "Pattern\Flyweight\Flyweight.csproj", "{105A6365-718E-4353-8097-E15FEB8FD933}"
	ProjectSection(SolutionFolder) = preProject
		ParentFolder = {28D89845-07FC-4358-88D9-1177F68199AD}
	EndProjectSection
EndProject
Project("{FAE04EC0-301F-11D3-BF4B-00C04F79EFBC}") = "Interpreter", "Pattern\Interpreter\Interpreter.csproj", "{6E1EC64C-1D69-4C4E-A82D-20EDDF1093A2}"
	ProjectSection(SolutionFolder) = preProject
		ParentFolder = {28D89845-07FC-4358-88D9-1177F68199AD}
	EndProjectSection
EndProject
Project("{FAE04EC0-301F-11D3-BF4B-00C04F79EFBC}") = "Mediator", "Pattern\Mediator\Mediator.csproj", "{0B437F50-6E1B-4758-B70C-498BCA1342A1}"
	ProjectSection(SolutionFolder) = preProject
		ParentFolder = {28D89845-07FC-4358-88D9-1177F68199AD}
	EndProjectSection
EndProject
Project("{FAE04EC0-301F-11D3-BF4B-00C04F79EFBC}") = "Memento", "Pattern\Memento\Memento.csproj", "{ACE9F1A4-75B2-4B03-8524-AEEEF16F707D}"
	ProjectSection(SolutionFolder) = preProject
		ParentFolder = {28D89845-07FC-4358-88D9-1177F68199AD}
	EndProjectSection
EndProject
Project("{FAE04EC0-301F-11D3-BF4B-00C04F79EFBC}") = "Observer", "Pattern\Observer\Observer.csproj", "{57F5BB4F-41C8-4CF9-8B25-51E32F48D9C8}"
	ProjectSection(SolutionFolder) = preProject
		ParentFolder = {28D89845-07FC-4358-88D9-1177F68199AD}
	EndProjectSection
EndProject
Project("{FAE04EC0-301F-11D3-BF4B-00C04F79EFBC}") = "Prototype", "Pattern\Prototype\Prototype.csproj", "{E8CF4BD6-C4B4-4BFE-94BD-77A14C3BC21D}"
	ProjectSection(SolutionFolder) = preProject
		ParentFolder = {28D89845-07FC-4358-88D9-1177F68199AD}
	EndProjectSection
EndProject
Project("{FAE04EC0-301F-11D3-BF4B-00C04F79EFBC}") = "Proxy", "Pattern\Proxy\Proxy.csproj", "{1C0C6C1D-A9F2-4D49-9545-C84BCAB58F23}"
	ProjectSection(SolutionFolder) = preProject
		ParentFolder = {28D89845-07FC-4358-88D9-1177F68199AD}
	EndProjectSection
EndProject
Project("{FAE04EC0-301F-11D3-BF4B-00C04F79EFBC}") = "Singleton", "Pattern\Singleton\Singleton.csproj", "{5D93D9AC-5306-4155-BA62-C6F4F353DC0E}"
	ProjectSection(SolutionFolder) = preProject
		ParentFolder = {28D89845-07FC-4358-88D9-1177F68199AD}
	EndProjectSection
EndProject
Project("{FAE04EC0-301F-11D3-BF4B-00C04F79EFBC}") = "State", "Pattern\State\State.csproj", "{55CC8426-19A8-4E48-BB3A-54AD9DC74414}"
	ProjectSection(SolutionFolder) = preProject
		ParentFolder = {28D89845-07FC-4358-88D9-1177F68199AD}
	EndProjectSection
EndProject
Project("{FAE04EC0-301F-11D3-BF4B-00C04F79EFBC}") = "Strategy", "Pattern\Strategy\Strategy.csproj", "{833B299B-EBAA-4C71-BED3-4A29094D216D}"
	ProjectSection(SolutionFolder) = preProject
		ParentFolder = {28D89845-07FC-4358-88D9-1177F68199AD}
	EndProjectSection
EndProject
Project("{FAE04EC0-301F-11D3-BF4B-00C04F79EFBC}") = "TemplateMethod", "Pattern\TemplateMethod\TemplateMethod.csproj", "{AD66F4DB-B1E4-45EA-8D64-36DF4CF39D37}"
	ProjectSection(SolutionFolder) = preProject
		ParentFolder = {28D89845-07FC-4358-88D9-1177F68199AD}
	EndProjectSection
EndProject
Project("{FAE04EC0-301F-11D3-BF4B-00C04F79EFBC}") = "Visitor", "Pattern\Visitor\Visitor.csproj", "{5DEE574E-0064-4607-9007-59434DF387E9}"
	ProjectSection(SolutionFolder) = preProject
		ParentFolder = {28D89845-07FC-4358-88D9-1177F68199AD}
	EndProjectSection
EndProject
Project("{2150E333-8FDC-42A3-9474-1A3956D46DE8}") = "Service", "Service", "{15DB925B-5C84-42F5-ABEB-CEA646055602}"
EndProject
Project("{FAE04EC0-301F-11D3-BF4B-00C04F79EFBC}") = "Api", "Service\Api\Api.csproj", "{B09B096C-F08E-4A93-84DA-A5864E947568}"
EndProject
Project("{FAE04EC0-301F-11D3-BF4B-00C04F79EFBC}") = "UnitOfWork", "Pattern\UnitOfWork\UnitOfWork.csproj", "{A1B2C3D4-E5F6-7890-1234-56789ABCDEF0}"
	ProjectSection(SolutionFolder) = preProject
		ParentFolder = {28D89845-07FC-4358-88D9-1177F68199AD}
	EndProjectSection
EndProject
Global
	GlobalSection(SolutionConfigurationPlatforms) = preSolution
		Debug|Any CPU = Debug|Any CPU
		Release|Any CPU = Release|Any CPU
	EndGlobalSection
	GlobalSection(SolutionProperties) = preSolution
		HideSolutionNode = FALSE
	EndGlobalSection
	GlobalSection(ProjectConfigurationPlatforms) = postSolution
		{040B92D8-3ADB-4ED7-B2EA-A87F47ABF070}.Debug|Any CPU.ActiveCfg = Debug|Any CPU
		{040B92D8-3ADB-4ED7-B2EA-A87F47ABF070}.Debug|Any CPU.Build.0 = Debug|Any CPU
		{040B92D8-3ADB-4ED7-B2EA-A87F47ABF070}.Release|Any CPU.ActiveCfg = Release|Any CPU
		{040B92D8-3ADB-4ED7-B2EA-A87F47ABF070}.Release|Any CPU.Build.0 = Release|Any CPU
		{458FCC30-8FE8-4C4B-A82D-71BF395E3512}.Debug|Any CPU.ActiveCfg = Debug|Any CPU
		{458FCC30-8FE8-4C4B-A82D-71BF395E3512}.Debug|Any CPU.Build.0 = Debug|Any CPU
		{458FCC30-8FE8-4C4B-A82D-71BF395E3512}.Release|Any CPU.ActiveCfg = Release|Any CPU
		{458FCC30-8FE8-4C4B-A82D-71BF395E3512}.Release|Any CPU.Build.0 = Release|Any CPU
		{D96316E0-2CD0-4B7B-9846-D7F227AECDBE}.Debug|Any CPU.ActiveCfg = Debug|Any CPU
		{D96316E0-2CD0-4B7B-9846-D7F227AECDBE}.Debug|Any CPU.Build.0 = Debug|Any CPU
		{D96316E0-2CD0-4B7B-9846-D7F227AECDBE}.Release|Any CPU.ActiveCfg = Release|Any CPU
		{D96316E0-2CD0-4B7B-9846-D7F227AECDBE}.Release|Any CPU.Build.0 = Release|Any CPU
		{35138E6C-D623-4FCC-88A0-741F03657891}.Debug|Any CPU.ActiveCfg = Debug|Any CPU
		{35138E6C-D623-4FCC-88A0-741F03657891}.Debug|Any CPU.Build.0 = Debug|Any CPU
		{35138E6C-D623-4FCC-88A0-741F03657891}.Release|Any CPU.ActiveCfg = Release|Any CPU
		{35138E6C-D623-4FCC-88A0-741F03657891}.Release|Any CPU.Build.0 = Release|Any CPU
		{0C61022E-A87B-41CC-94BE-145B79FB3E48}.Debug|Any CPU.ActiveCfg = Debug|Any CPU
		{0C61022E-A87B-41CC-94BE-145B79FB3E48}.Debug|Any CPU.Build.0 = Debug|Any CPU
		{0C61022E-A87B-41CC-94BE-145B79FB3E48}.Release|Any CPU.ActiveCfg = Release|Any CPU
		{0C61022E-A87B-41CC-94BE-145B79FB3E48}.Release|Any CPU.Build.0 = Release|Any CPU
		{25835CF8-3CF3-45DA-9696-1439DBB64680}.Debug|Any CPU.ActiveCfg = Debug|Any CPU
		{25835CF8-3CF3-45DA-9696-1439DBB64680}.Debug|Any CPU.Build.0 = Debug|Any CPU
		{25835CF8-3CF3-45DA-9696-1439DBB64680}.Release|Any CPU.ActiveCfg = Release|Any CPU
		{25835CF8-3CF3-45DA-9696-1439DBB64680}.Release|Any CPU.Build.0 = Release|Any CPU
		{F10277D5-509F-46A1-B44C-905250E2B882}.Debug|Any CPU.ActiveCfg = Debug|Any CPU
		{F10277D5-509F-46A1-B44C-905250E2B882}.Debug|Any CPU.Build.0 = Debug|Any CPU
		{F10277D5-509F-46A1-B44C-905250E2B882}.Release|Any CPU.ActiveCfg = Release|Any CPU
		{F10277D5-509F-46A1-B44C-905250E2B882}.Release|Any CPU.Build.0 = Release|Any CPU
		{08D83693-19CF-4534-83E3-FC18C752AA05}.Debug|Any CPU.ActiveCfg = Debug|Any CPU
		{08D83693-19CF-4534-83E3-FC18C752AA05}.Debug|Any CPU.Build.0 = Debug|Any CPU
		{08D83693-19CF-4534-83E3-FC18C752AA05}.Release|Any CPU.ActiveCfg = Release|Any CPU
		{08D83693-19CF-4534-83E3-FC18C752AA05}.Release|Any CPU.Build.0 = Release|Any CPU
		{011D57F8-3A51-40D8-A7BC-B93B94572BC3}.Debug|Any CPU.ActiveCfg = Debug|Any CPU
		{011D57F8-3A51-40D8-A7BC-B93B94572BC3}.Debug|Any CPU.Build.0 = Debug|Any CPU
		{011D57F8-3A51-40D8-A7BC-B93B94572BC3}.Release|Any CPU.ActiveCfg = Release|Any CPU
		{011D57F8-3A51-40D8-A7BC-B93B94572BC3}.Release|Any CPU.Build.0 = Release|Any CPU
		{CBFD35C9-A1B5-4CDF-BB11-D9A9477AC385}.Debug|Any CPU.ActiveCfg = Debug|Any CPU
		{CBFD35C9-A1B5-4CDF-BB11-D9A9477AC385}.Debug|Any CPU.Build.0 = Debug|Any CPU
		{CBFD35C9-A1B5-4CDF-BB11-D9A9477AC385}.Release|Any CPU.ActiveCfg = Release|Any CPU
		{CBFD35C9-A1B5-4CDF-BB11-D9A9477AC385}.Release|Any CPU.Build.0 = Release|Any CPU
		{29695DC1-F713-4FED-A045-96F6CB8131B1}.Debug|Any CPU.ActiveCfg = Debug|Any CPU
		{29695DC1-F713-4FED-A045-96F6CB8131B1}.Debug|Any CPU.Build.0 = Debug|Any CPU
		{29695DC1-F713-4FED-A045-96F6CB8131B1}.Release|Any CPU.ActiveCfg = Release|Any CPU
		{29695DC1-F713-4FED-A045-96F6CB8131B1}.Release|Any CPU.Build.0 = Release|Any CPU
		{8FB1FAA0-E4CA-46BC-B2E1-A6A5B0119C60}.Debug|Any CPU.ActiveCfg = Debug|Any CPU
		{8FB1FAA0-E4CA-46BC-B2E1-A6A5B0119C60}.Debug|Any CPU.Build.0 = Debug|Any CPU
		{8FB1FAA0-E4CA-46BC-B2E1-A6A5B0119C60}.Release|Any CPU.ActiveCfg = Release|Any CPU
		{8FB1FAA0-E4CA-46BC-B2E1-A6A5B0119C60}.Release|Any CPU.Build.0 = Release|Any CPU
		{913F805B-D780-4CA8-B703-0B23D88FBD39}.Debug|Any CPU.ActiveCfg = Debug|Any CPU
		{913F805B-D780-4CA8-B703-0B23D88FBD39}.Debug|Any CPU.Build.0 = Debug|Any CPU
		{913F805B-D780-4CA8-B703-0B23D88FBD39}.Release|Any CPU.ActiveCfg = Release|Any CPU
		{913F805B-D780-4CA8-B703-0B23D88FBD39}.Release|Any CPU.Build.0 = Release|Any CPU
		{7F6A0467-E50C-4BD0-A7D8-FA849D551933}.Debug|Any CPU.ActiveCfg = Debug|Any CPU
		{7F6A0467-E50C-4BD0-A7D8-FA849D551933}.Debug|Any CPU.Build.0 = Debug|Any CPU
		{7F6A0467-E50C-4BD0-A7D8-FA849D551933}.Release|Any CPU.ActiveCfg = Release|Any CPU
		{7F6A0467-E50C-4BD0-A7D8-FA849D551933}.Release|Any CPU.Build.0 = Release|Any CPU
		{E6996D63-D778-4FA9-A7D4-4CC25DC191D1}.Debug|Any CPU.ActiveCfg = Debug|Any CPU
		{E6996D63-D778-4FA9-A7D4-4CC25DC191D1}.Debug|Any CPU.Build.0 = Debug|Any CPU
		{E6996D63-D778-4FA9-A7D4-4CC25DC191D1}.Release|Any CPU.ActiveCfg = Release|Any CPU
		{E6996D63-D778-4FA9-A7D4-4CC25DC191D1}.Release|Any CPU.Build.0 = Release|Any CPU
		{73BBE38A-AB96-4A96-8C8A-DD21EC66BEAB}.Debug|Any CPU.ActiveCfg = Debug|Any CPU
		{73BBE38A-AB96-4A96-8C8A-DD21EC66BEAB}.Debug|Any CPU.Build.0 = Debug|Any CPU
		{73BBE38A-AB96-4A96-8C8A-DD21EC66BEAB}.Release|Any CPU.ActiveCfg = Release|Any CPU
		{73BBE38A-AB96-4A96-8C8A-DD21EC66BEAB}.Release|Any CPU.Build.0 = Release|Any CPU
		{AD8A30A5-FC6C-4D5D-8789-14CA10DDD273}.Debug|Any CPU.ActiveCfg = Debug|Any CPU
		{AD8A30A5-FC6C-4D5D-8789-14CA10DDD273}.Debug|Any CPU.Build.0 = Debug|Any CPU
		{AD8A30A5-FC6C-4D5D-8789-14CA10DDD273}.Release|Any CPU.ActiveCfg = Release|Any CPU
		{AD8A30A5-FC6C-4D5D-8789-14CA10DDD273}.Release|Any CPU.Build.0 = Release|Any CPU
		{EA1F58B1-EDE9-4906-8D2F-43322509B9E7}.Debug|Any CPU.ActiveCfg = Debug|Any CPU
		{EA1F58B1-EDE9-4906-8D2F-43322509B9E7}.Debug|Any CPU.Build.0 = Debug|Any CPU
		{EA1F58B1-EDE9-4906-8D2F-43322509B9E7}.Release|Any CPU.ActiveCfg = Release|Any CPU
		{EA1F58B1-EDE9-4906-8D2F-43322509B9E7}.Release|Any CPU.Build.0 = Release|Any CPU
		{8F20CCF1-402A-440C-BFCB-A41032C90C01}.Debug|Any CPU.ActiveCfg = Debug|Any CPU
		{8F20CCF1-402A-440C-BFCB-A41032C90C01}.Debug|Any CPU.Build.0 = Debug|Any CPU
		{8F20CCF1-402A-440C-BFCB-A41032C90C01}.Release|Any CPU.ActiveCfg = Release|Any CPU
		{8F20CCF1-402A-440C-BFCB-A41032C90C01}.Release|Any CPU.Build.0 = Release|Any CPU
		{2EAE3E97-DF8B-418D-8938-3831D6AFBEEF}.Debug|Any CPU.ActiveCfg = Debug|Any CPU
		{2EAE3E97-DF8B-418D-8938-3831D6AFBEEF}.Debug|Any CPU.Build.0 = Debug|Any CPU
		{2EAE3E97-DF8B-418D-8938-3831D6AFBEEF}.Release|Any CPU.ActiveCfg = Release|Any CPU
		{2EAE3E97-DF8B-418D-8938-3831D6AFBEEF}.Release|Any CPU.Build.0 = Release|Any CPU
		{D42748C9-2601-475A-BDB7-9F50249F34B4}.Debug|Any CPU.ActiveCfg = Debug|Any CPU
		{D42748C9-2601-475A-BDB7-9F50249F34B4}.Debug|Any CPU.Build.0 = Debug|Any CPU
		{D42748C9-2601-475A-BDB7-9F50249F34B4}.Release|Any CPU.ActiveCfg = Release|Any CPU
		{D42748C9-2601-475A-BDB7-9F50249F34B4}.Release|Any CPU.Build.0 = Release|Any CPU
		{6D2E1FE5-B80E-4988-9BEA-2F19E6C17C2E}.Debug|Any CPU.ActiveCfg = Debug|Any CPU
		{6D2E1FE5-B80E-4988-9BEA-2F19E6C17C2E}.Debug|Any CPU.Build.0 = Debug|Any CPU
		{6D2E1FE5-B80E-4988-9BEA-2F19E6C17C2E}.Release|Any CPU.ActiveCfg = Release|Any CPU
		{6D2E1FE5-B80E-4988-9BEA-2F19E6C17C2E}.Release|Any CPU.Build.0 = Release|Any CPU
		{F406B5CB-4233-4443-9053-27DCCD4D0627}.Debug|Any CPU.ActiveCfg = Debug|Any CPU
		{F406B5CB-4233-4443-9053-27DCCD4D0627}.Debug|Any CPU.Build.0 = Debug|Any CPU
		{F406B5CB-4233-4443-9053-27DCCD4D0627}.Release|Any CPU.ActiveCfg = Release|Any CPU
		{F406B5CB-4233-4443-9053-27DCCD4D0627}.Release|Any CPU.Build.0 = Release|Any CPU
		{A4E488AE-6C04-4073-A101-BAD599E4E261}.Debug|Any CPU.ActiveCfg = Debug|Any CPU
		{A4E488AE-6C04-4073-A101-BAD599E4E261}.Debug|Any CPU.Build.0 = Debug|Any CPU
		{A4E488AE-6C04-4073-A101-BAD599E4E261}.Release|Any CPU.ActiveCfg = Release|Any CPU
		{A4E488AE-6C04-4073-A101-BAD599E4E261}.Release|Any CPU.Build.0 = Release|Any CPU
		{587CF8A0-CEE2-4CDB-A891-E19559762BFE}.Debug|Any CPU.ActiveCfg = Debug|Any CPU
		{587CF8A0-CEE2-4CDB-A891-E19559762BFE}.Debug|Any CPU.Build.0 = Debug|Any CPU
		{587CF8A0-CEE2-4CDB-A891-E19559762BFE}.Release|Any CPU.ActiveCfg = Release|Any CPU
		{587CF8A0-CEE2-4CDB-A891-E19559762BFE}.Release|Any CPU.Build.0 = Release|Any CPU
		{87C0034A-BA54-4455-B2F4-0501267781B3}.Debug|Any CPU.ActiveCfg = Debug|Any CPU
		{87C0034A-BA54-4455-B2F4-0501267781B3}.Debug|Any CPU.Build.0 = Debug|Any CPU
		{87C0034A-BA54-4455-B2F4-0501267781B3}.Release|Any CPU.ActiveCfg = Release|Any CPU
		{87C0034A-BA54-4455-B2F4-0501267781B3}.Release|Any CPU.Build.0 = Release|Any CPU
		{4404F952-E7BE-4561-A4A3-D741E59FAE22}.Debug|Any CPU.ActiveCfg = Debug|Any CPU
		{4404F952-E7BE-4561-A4A3-D741E59FAE22}.Debug|Any CPU.Build.0 = Debug|Any CPU
		{4404F952-E7BE-4561-A4A3-D741E59FAE22}.Release|Any CPU.ActiveCfg = Release|Any CPU
		{4404F952-E7BE-4561-A4A3-D741E59FAE22}.Release|Any CPU.Build.0 = Release|Any CPU
		{2C98C4BD-B6E7-4C64-B232-608228881589}.Debug|Any CPU.ActiveCfg = Debug|Any CPU
		{2C98C4BD-B6E7-4C64-B232-608228881589}.Debug|Any CPU.Build.0 = Debug|Any CPU
		{2C98C4BD-B6E7-4C64-B232-608228881589}.Release|Any CPU.ActiveCfg = Release|Any CPU
		{2C98C4BD-B6E7-4C64-B232-608228881589}.Release|Any CPU.Build.0 = Release|Any CPU
		{85DE37EE-A6F6-48F5-AF40-ECD45F7BB7B7}.Debug|Any CPU.ActiveCfg = Debug|Any CPU
		{85DE37EE-A6F6-48F5-AF40-ECD45F7BB7B7}.Debug|Any CPU.Build.0 = Debug|Any CPU
		{85DE37EE-A6F6-48F5-AF40-ECD45F7BB7B7}.Release|Any CPU.ActiveCfg = Release|Any CPU
		{85DE37EE-A6F6-48F5-AF40-ECD45F7BB7B7}.Release|Any CPU.Build.0 = Release|Any CPU
		{4F722857-8D16-4168-B3E8-96A00504AB0D}.Debug|Any CPU.ActiveCfg = Debug|Any CPU
		{4F722857-8D16-4168-B3E8-96A00504AB0D}.Debug|Any CPU.Build.0 = Debug|Any CPU
		{4F722857-8D16-4168-B3E8-96A00504AB0D}.Release|Any CPU.ActiveCfg = Release|Any CPU
		{4F722857-8D16-4168-B3E8-96A00504AB0D}.Release|Any CPU.Build.0 = Release|Any CPU
		{120C1FBD-B920-483D-827B-5FA16D414B49}.Debug|Any CPU.ActiveCfg = Debug|Any CPU
		{120C1FBD-B920-483D-827B-5FA16D414B49}.Debug|Any CPU.Build.0 = Debug|Any CPU
		{120C1FBD-B920-483D-827B-5FA16D414B49}.Release|Any CPU.ActiveCfg = Release|Any CPU
		{120C1FBD-B920-483D-827B-5FA16D414B49}.Release|Any CPU.Build.0 = Release|Any CPU
		{105A6365-718E-4353-8097-E15FEB8FD933}.Debug|Any CPU.ActiveCfg = Debug|Any CPU
		{105A6365-718E-4353-8097-E15FEB8FD933}.Debug|Any CPU.Build.0 = Debug|Any CPU
		{105A6365-718E-4353-8097-E15FEB8FD933}.Release|Any CPU.ActiveCfg = Release|Any CPU
		{105A6365-718E-4353-8097-E15FEB8FD933}.Release|Any CPU.Build.0 = Release|Any CPU
		{6E1EC64C-1D69-4C4E-A82D-20EDDF1093A2}.Debug|Any CPU.ActiveCfg = Debug|Any CPU
		{6E1EC64C-1D69-4C4E-A82D-20EDDF1093A2}.Debug|Any CPU.Build.0 = Debug|Any CPU
		{6E1EC64C-1D69-4C4E-A82D-20EDDF1093A2}.Release|Any CPU.ActiveCfg = Release|Any CPU
		{6E1EC64C-1D69-4C4E-A82D-20EDDF1093A2}.Release|Any CPU.Build.0 = Release|Any CPU
		{0B437F50-6E1B-4758-B70C-498BCA1342A1}.Debug|Any CPU.ActiveCfg = Debug|Any CPU
		{0B437F50-6E1B-4758-B70C-498BCA1342A1}.Debug|Any CPU.Build.0 = Debug|Any CPU
		{0B437F50-6E1B-4758-B70C-498BCA1342A1}.Release|Any CPU.ActiveCfg = Release|Any CPU
		{0B437F50-6E1B-4758-B70C-498BCA1342A1}.Release|Any CPU.Build.0 = Release|Any CPU
		{ACE9F1A4-75B2-4B03-8524-AEEEF16F707D}.Debug|Any CPU.ActiveCfg = Debug|Any CPU
		{ACE9F1A4-75B2-4B03-8524-AEEEF16F707D}.Debug|Any CPU.Build.0 = Debug|Any CPU
		{ACE9F1A4-75B2-4B03-8524-AEEEF16F707D}.Release|Any CPU.ActiveCfg = Release|Any CPU
		{ACE9F1A4-75B2-4B03-8524-AEEEF16F707D}.Release|Any CPU.Build.0 = Release|Any CPU
		{57F5BB4F-41C8-4CF9-8B25-51E32F48D9C8}.Debug|Any CPU.ActiveCfg = Debug|Any CPU
		{57F5BB4F-41C8-4CF9-8B25-51E32F48D9C8}.Debug|Any CPU.Build.0 = Debug|Any CPU
		{57F5BB4F-41C8-4CF9-8B25-51E32F48D9C8}.Release|Any CPU.ActiveCfg = Release|Any CPU
		{57F5BB4F-41C8-4CF9-8B25-51E32F48D9C8}.Release|Any CPU.Build.0 = Release|Any CPU
		{E8CF4BD6-C4B4-4BFE-94BD-77A14C3BC21D}.Debug|Any CPU.ActiveCfg = Debug|Any CPU
		{E8CF4BD6-C4B4-4BFE-94BD-77A14C3BC21D}.Debug|Any CPU.Build.0 = Debug|Any CPU
		{E8CF4BD6-C4B4-4BFE-94BD-77A14C3BC21D}.Release|Any CPU.ActiveCfg = Release|Any CPU
		{E8CF4BD6-C4B4-4BFE-94BD-77A14C3BC21D}.Release|Any CPU.Build.0 = Release|Any CPU
		{1C0C6C1D-A9F2-4D49-9545-C84BCAB58F23}.Debug|Any CPU.ActiveCfg = Debug|Any CPU
		{1C0C6C1D-A9F2-4D49-9545-C84BCAB58F23}.Debug|Any CPU.Build.0 = Debug|Any CPU
		{1C0C6C1D-A9F2-4D49-9545-C84BCAB58F23}.Release|Any CPU.ActiveCfg = Release|Any CPU
		{1C0C6C1D-A9F2-4D49-9545-C84BCAB58F23}.Release|Any CPU.Build.0 = Release|Any CPU
		{5D93D9AC-5306-4155-BA62-C6F4F353DC0E}.Debug|Any CPU.ActiveCfg = Debug|Any CPU
		{5D93D9AC-5306-4155-BA62-C6F4F353DC0E}.Debug|Any CPU.Build.0 = Debug|Any CPU
		{5D93D9AC-5306-4155-BA62-C6F4F353DC0E}.Release|Any CPU.ActiveCfg = Release|Any CPU
		{5D93D9AC-5306-4155-BA62-C6F4F353DC0E}.Release|Any CPU.Build.0 = Release|Any CPU
		{55CC8426-19A8-4E48-BB3A-54AD9DC74414}.Debug|Any CPU.ActiveCfg = Debug|Any CPU
		{55CC8426-19A8-4E48-BB3A-54AD9DC74414}.Debug|Any CPU.Build.0 = Debug|Any CPU
		{55CC8426-19A8-4E48-BB3A-54AD9DC74414}.Release|Any CPU.ActiveCfg = Release|Any CPU
		{55CC8426-19A8-4E48-BB3A-54AD9DC74414}.Release|Any CPU.Build.0 = Release|Any CPU
		{833B299B-EBAA-4C71-BED3-4A29094D216D}.Debug|Any CPU.ActiveCfg = Debug|Any CPU
		{833B299B-EBAA-4C71-BED3-4A29094D216D}.Debug|Any CPU.Build.0 = Debug|Any CPU
		{833B299B-EBAA-4C71-BED3-4A29094D216D}.Release|Any CPU.ActiveCfg = Release|Any CPU
		{833B299B-EBAA-4C71-BED3-4A29094D216D}.Release|Any CPU.Build.0 = Release|Any CPU
		{AD66F4DB-B1E4-45EA-8D64-36DF4CF39D37}.Debug|Any CPU.ActiveCfg = Debug|Any CPU
		{AD66F4DB-B1E4-45EA-8D64-36DF4CF39D37}.Debug|Any CPU.Build.0 = Debug|Any CPU
		{AD66F4DB-B1E4-45EA-8D64-36DF4CF39D37}.Release|Any CPU.ActiveCfg = Release|Any CPU
		{AD66F4DB-B1E4-45EA-8D64-36DF4CF39D37}.Release|Any CPU.Build.0 = Release|Any CPU
		{5DEE574E-0064-4607-9007-59434DF387E9}.Debug|Any CPU.ActiveCfg = Debug|Any CPU
		{5DEE574E-0064-4607-9007-59434DF387E9}.Debug|Any CPU.Build.0 = Debug|Any CPU
		{5DEE574E-0064-4607-9007-59434DF387E9}.Release|Any CPU.ActiveCfg = Release|Any CPU
		{5DEE574E-0064-4607-9007-59434DF387E9}.Release|Any CPU.Build.0 = Release|Any CPU
		{B09B096C-F08E-4A93-84DA-A5864E947568}.Debug|Any CPU.ActiveCfg = Debug|Any CPU
		{B09B096C-F08E-4A93-84DA-A5864E947568}.Debug|Any CPU.Build.0 = Debug|Any CPU
		{B09B096C-F08E-4A93-84DA-A5864E947568}.Release|Any CPU.ActiveCfg = Release|Any CPU
		{B09B096C-F08E-4A93-84DA-A5864E947568}.Release|Any CPU.Build.0 = Release|Any CPU
		{A1B2C3D4-E5F6-7890-1234-56789ABCDEF0}.Debug|Any CPU.ActiveCfg = Debug|Any CPU
		{A1B2C3D4-E5F6-7890-1234-56789ABCDEF0}.Debug|Any CPU.Build.0 = Debug|Any CPU
		{A1B2C3D4-E5F6-7890-1234-56789ABCDEF0}.Release|Any CPU.ActiveCfg = Release|Any CPU
		{A1B2C3D4-E5F6-7890-1234-56789ABCDEF0}.Release|Any CPU.Build.0 = Release|Any CPU
	EndGlobalSection
	GlobalSection(NestedProjects) = preSolution
		{F406B5CB-4233-4443-9053-27DCCD4D0627} = {28D89845-07FC-4358-88D9-1177F68199AD}
		{A4E488AE-6C04-4073-A101-BAD599E4E261} = {28D89845-07FC-4358-88D9-1177F68199AD}
		{587CF8A0-CEE2-4CDB-A891-E19559762BFE} = {28D89845-07FC-4358-88D9-1177F68199AD}
		{87C0034A-BA54-4455-B2F4-0501267781B3} = {28D89845-07FC-4358-88D9-1177F68199AD}
		{4404F952-E7BE-4561-A4A3-D741E59FAE22} = {28D89845-07FC-4358-88D9-1177F68199AD}
		{2C98C4BD-B6E7-4C64-B232-608228881589} = {28D89845-07FC-4358-88D9-1177F68199AD}
		{85DE37EE-A6F6-48F5-AF40-ECD45F7BB7B7} = {28D89845-07FC-4358-88D9-1177F68199AD}
		{4F722857-8D16-4168-B3E8-96A00504AB0D} = {28D89845-07FC-4358-88D9-1177F68199AD}
		{120C1FBD-B920-483D-827B-5FA16D414B49} = {28D89845-07FC-4358-88D9-1177F68199AD}
		{105A6365-718E-4353-8097-E15FEB8FD933} = {28D89845-07FC-4358-88D9-1177F68199AD}
		{6E1EC64C-1D69-4C4E-A82D-20EDDF1093A2} = {28D89845-07FC-4358-88D9-1177F68199AD}
		{0B437F50-6E1B-4758-B70C-498BCA1342A1} = {28D89845-07FC-4358-88D9-1177F68199AD}
		{ACE9F1A4-75B2-4B03-8524-AEEEF16F707D} = {28D89845-07FC-4358-88D9-1177F68199AD}
		{57F5BB4F-41C8-4CF9-8B25-51E32F48D9C8} = {28D89845-07FC-4358-88D9-1177F68199AD}
		{E8CF4BD6-C4B4-4BFE-94BD-77A14C3BC21D} = {28D89845-07FC-4358-88D9-1177F68199AD}
		{1C0C6C1D-A9F2-4D49-9545-C84BCAB58F23} = {28D89845-07FC-4358-88D9-1177F68199AD}
		{5D93D9AC-5306-4155-BA62-C6F4F353DC0E} = {28D89845-07FC-4358-88D9-1177F68199AD}
		{55CC8426-19A8-4E48-BB3A-54AD9DC74414} = {28D89845-07FC-4358-88D9-1177F68199AD}
		{833B299B-EBAA-4C71-BED3-4A29094D216D} = {28D89845-07FC-4358-88D9-1177F68199AD}
		{AD66F4DB-B1E4-45EA-8D64-36DF4CF39D37} = {28D89845-07FC-4358-88D9-1177F68199AD}
		{5DEE574E-0064-4607-9007-59434DF387E9} = {28D89845-07FC-4358-88D9-1177F68199AD}
		{B09B096C-F08E-4A93-84DA-A5864E947568} = {15DB925B-5C84-42F5-ABEB-CEA646055602}
		{A1B2C3D4-E5F6-7890-1234-56789ABCDEF0} = {28D89845-07FC-4358-88D9-1177F68199AD}
	EndGlobalSection
EndGlobal
